
Microsoft Visual Studio Solution File, Format Version 12.00
# Visual Studio Version 16
VisualStudioVersion = 16.0.31313.79
MinimumVisualStudioVersion = 10.0.40219.1
Project("{FAE04EC0-301F-11D3-BF4B-00C04F79EFBC}") = "CS_Delegate_Event", "CS_Delegate_Event\CS_Delegate_Event.csproj", "{9711C48A-3BC1-48BE-B2AF-51D3233F6F9B}"
EndProject
Project("{2150E333-8FDC-42A3-9474-1A3956D46DE8}") = "Solution Items", "Solution Items", "{C4BB3F57-603D-46F9-966B-54E3D196B1D1}"
	ProjectSection(SolutionItems) = preProject
		REadme.md = REadme.md
	EndProjectSection
EndProject
Project("{FAE04EC0-301F-11D3-BF4B-00C04F79EFBC}") = "CS_Collections", "CS_Collections\CS_Collections.csproj", "{34D8615F-1430-41DE-B0C4-B351B9B0EC5B}"
EndProject
Project("{FAE04EC0-301F-11D3-BF4B-00C04F79EFBC}") = "CS-Generics", "CS-Generics\CS-Generics.csproj", "{DED756A1-28D0-44EC-9BE6-E17A21AD992D}"
EndProject
Project("{FAE04EC0-301F-11D3-BF4B-00C04F79EFBC}") = "CS_Generics_App", "CS_Generics_App\CS_Generics_App.csproj", "{6694C441-2816-4B86-9BE8-209D871E5FF9}"
EndProject
Project("{FAE04EC0-301F-11D3-BF4B-00C04F79EFBC}") = "CS_Lambda", "CS_Lambda\CS_Lambda.csproj", "{275E5A6C-BD43-4867-9F97-E41E59F70CE2}"
EndProject
Project("{FAE04EC0-301F-11D3-BF4B-00C04F79EFBC}") = "CS_ExtensionMethods", "CS_ExtensionMethods\CS_ExtensionMethods.csproj", "{E3DE91B1-DF85-4AC0-89F6-0ABAB8122ED1}"
EndProject
Project("{FAE04EC0-301F-11D3-BF4B-00C04F79EFBC}") = "CS_LINQ", "CS_LINQ\CS_LINQ.csproj", "{CB83C23A-B627-4A77-9480-85B2C0A9F8FD}"
EndProject
Project("{FAE04EC0-301F-11D3-BF4B-00C04F79EFBC}") = "CS_Concurrent_Access", "CS_Concurrent_Access\CS_Concurrent_Access.csproj", "{07A1130D-2D61-431B-B980-2B2FBF317DC5}"
EndProject
Project("{FAE04EC0-301F-11D3-BF4B-00C04F79EFBC}") = "CS_Thread_Mutex", "CS_Thread_Mutex\CS_Thread_Mutex.csproj", "{69547775-D840-499C-9A25-3CD92CF1673D}"
EndProject
Project("{FAE04EC0-301F-11D3-BF4B-00C04F79EFBC}") = "CS_ParallelProcessing", "CS_ParallelProcessing\CS_ParallelProcessing.csproj", "{8F0157CB-C2A3-4DD7-9013-A04B6951DF35}"
EndProject
Project("{FAE04EC0-301F-11D3-BF4B-00C04F79EFBC}") = "CS_ParallelInvoke", "CS_ParallelInvoke\CS_ParallelInvoke.csproj", "{94F263E5-733A-403A-9AB2-0396EF75EBC6}"
EndProject
Project("{FAE04EC0-301F-11D3-BF4B-00C04F79EFBC}") = "CS_Task_Operations", "CS_Task_Operations\CS_Task_Operations.csproj", "{27CDB365-9FDA-4795-81C0-454AC6A3F65D}"
EndProject
Project("{FAE04EC0-301F-11D3-BF4B-00C04F79EFBC}") = "CS_Async_Await", "CS_Async_Awaiy\CS_Async_Await.csproj", "{4B782C09-FE39-4493-BA96-A5CA80C3A2EC}"
EndProject
Project("{FAE04EC0-301F-11D3-BF4B-00C04F79EFBC}") = "CS_TaskFactory", "CS_TaskFactory\CS_TaskFactory.csproj", "{4931CE75-AE33-482D-BDB0-EBD6536D59C1}"
EndProject
Project("{FAE04EC0-301F-11D3-BF4B-00C04F79EFBC}") = "CS_Concurrentollection", "CS_Concurrentollection\CS_Concurrentollection.csproj", "{63C4E749-BB76-445F-81D5-F434D2F73A09}"
EndProject
Project("{9A19103F-16F7-4668-BE54-9A1E7A4F7556}") = "Core_SingleFilePublish", "Core_SingleFilePublish\Core_SingleFilePublish.csproj", "{45BE154B-9CB3-4418-9836-764F35A118F7}"
EndProject
Project("{9A19103F-16F7-4668-BE54-9A1E7A4F7556}") = "Core_MathLib", "Core_MathLib\Core_MathLib.csproj", "{B0A6A7A7-195E-4FC8-A70A-56AB4C8E6D1C}"
EndProject
Project("{9A19103F-16F7-4668-BE54-9A1E7A4F7556}") = "Core_Ef_DbFirst", "Core_Ef_DbFirst\Core_Ef_DbFirst.csproj", "{9A8D1A50-C58D-4C3D-9708-6E61AA85D963}"
EndProject
Project("{9A19103F-16F7-4668-BE54-9A1E7A4F7556}") = "Core_Ef_Core_CodeFirst", "Core_Ef_Core_CodeFirst\Core_Ef_Core_CodeFirst.csproj", "{A3194DC5-94B1-446B-8678-FE21A7DBDCB8}"
EndProject
Project("{FAE04EC0-301F-11D3-BF4B-00C04F79EFBC}") = "Core_Code_First", "Core_Code_First\Core_Code_First.csproj", "{5E7F3EA1-25C6-45DF-AD56-FDE7397C2F73}"
EndProject
Global
	GlobalSection(SolutionConfigurationPlatforms) = preSolution
		Debug|Any CPU = Debug|Any CPU
		Release|Any CPU = Release|Any CPU
	EndGlobalSection
	GlobalSection(ProjectConfigurationPlatforms) = postSolution
		{9711C48A-3BC1-48BE-B2AF-51D3233F6F9B}.Debug|Any CPU.ActiveCfg = Debug|Any CPU
		{9711C48A-3BC1-48BE-B2AF-51D3233F6F9B}.Debug|Any CPU.Build.0 = Debug|Any CPU
		{9711C48A-3BC1-48BE-B2AF-51D3233F6F9B}.Release|Any CPU.ActiveCfg = Release|Any CPU
		{9711C48A-3BC1-48BE-B2AF-51D3233F6F9B}.Release|Any CPU.Build.0 = Release|Any CPU
		{34D8615F-1430-41DE-B0C4-B351B9B0EC5B}.Debug|Any CPU.ActiveCfg = Debug|Any CPU
		{34D8615F-1430-41DE-B0C4-B351B9B0EC5B}.Debug|Any CPU.Build.0 = Debug|Any CPU
		{34D8615F-1430-41DE-B0C4-B351B9B0EC5B}.Release|Any CPU.ActiveCfg = Release|Any CPU
		{34D8615F-1430-41DE-B0C4-B351B9B0EC5B}.Release|Any CPU.Build.0 = Release|Any CPU
		{DED756A1-28D0-44EC-9BE6-E17A21AD992D}.Debug|Any CPU.ActiveCfg = Debug|Any CPU
		{DED756A1-28D0-44EC-9BE6-E17A21AD992D}.Debug|Any CPU.Build.0 = Debug|Any CPU
		{DED756A1-28D0-44EC-9BE6-E17A21AD992D}.Release|Any CPU.ActiveCfg = Release|Any CPU
		{DED756A1-28D0-44EC-9BE6-E17A21AD992D}.Release|Any CPU.Build.0 = Release|Any CPU
		{6694C441-2816-4B86-9BE8-209D871E5FF9}.Debug|Any CPU.ActiveCfg = Debug|Any CPU
		{6694C441-2816-4B86-9BE8-209D871E5FF9}.Debug|Any CPU.Build.0 = Debug|Any CPU
		{6694C441-2816-4B86-9BE8-209D871E5FF9}.Release|Any CPU.ActiveCfg = Release|Any CPU
		{6694C441-2816-4B86-9BE8-209D871E5FF9}.Release|Any CPU.Build.0 = Release|Any CPU
		{275E5A6C-BD43-4867-9F97-E41E59F70CE2}.Debug|Any CPU.ActiveCfg = Debug|Any CPU
		{275E5A6C-BD43-4867-9F97-E41E59F70CE2}.Debug|Any CPU.Build.0 = Debug|Any CPU
		{275E5A6C-BD43-4867-9F97-E41E59F70CE2}.Release|Any CPU.ActiveCfg = Release|Any CPU
		{275E5A6C-BD43-4867-9F97-E41E59F70CE2}.Release|Any CPU.Build.0 = Release|Any CPU
		{E3DE91B1-DF85-4AC0-89F6-0ABAB8122ED1}.Debug|Any CPU.ActiveCfg = Debug|Any CPU
		{E3DE91B1-DF85-4AC0-89F6-0ABAB8122ED1}.Debug|Any CPU.Build.0 = Debug|Any CPU
		{E3DE91B1-DF85-4AC0-89F6-0ABAB8122ED1}.Release|Any CPU.ActiveCfg = Release|Any CPU
		{E3DE91B1-DF85-4AC0-89F6-0ABAB8122ED1}.Release|Any CPU.Build.0 = Release|Any CPU
		{CB83C23A-B627-4A77-9480-85B2C0A9F8FD}.Debug|Any CPU.ActiveCfg = Debug|Any CPU
		{CB83C23A-B627-4A77-9480-85B2C0A9F8FD}.Debug|Any CPU.Build.0 = Debug|Any CPU
		{CB83C23A-B627-4A77-9480-85B2C0A9F8FD}.Release|Any CPU.ActiveCfg = Release|Any CPU
		{CB83C23A-B627-4A77-9480-85B2C0A9F8FD}.Release|Any CPU.Build.0 = Release|Any CPU
		{07A1130D-2D61-431B-B980-2B2FBF317DC5}.Debug|Any CPU.ActiveCfg = Debug|Any CPU
		{07A1130D-2D61-431B-B980-2B2FBF317DC5}.Debug|Any CPU.Build.0 = Debug|Any CPU
		{07A1130D-2D61-431B-B980-2B2FBF317DC5}.Release|Any CPU.ActiveCfg = Release|Any CPU
		{07A1130D-2D61-431B-B980-2B2FBF317DC5}.Release|Any CPU.Build.0 = Release|Any CPU
		{69547775-D840-499C-9A25-3CD92CF1673D}.Debug|Any CPU.ActiveCfg = Debug|Any CPU
		{69547775-D840-499C-9A25-3CD92CF1673D}.Debug|Any CPU.Build.0 = Debug|Any CPU
		{69547775-D840-499C-9A25-3CD92CF1673D}.Release|Any CPU.ActiveCfg = Release|Any CPU
		{69547775-D840-499C-9A25-3CD92CF1673D}.Release|Any CPU.Build.0 = Release|Any CPU
		{8F0157CB-C2A3-4DD7-9013-A04B6951DF35}.Debug|Any CPU.ActiveCfg = Debug|Any CPU
		{8F0157CB-C2A3-4DD7-9013-A04B6951DF35}.Debug|Any CPU.Build.0 = Debug|Any CPU
		{8F0157CB-C2A3-4DD7-9013-A04B6951DF35}.Release|Any CPU.ActiveCfg = Release|Any CPU
		{8F0157CB-C2A3-4DD7-9013-A04B6951DF35}.Release|Any CPU.Build.0 = Release|Any CPU
		{94F263E5-733A-403A-9AB2-0396EF75EBC6}.Debug|Any CPU.ActiveCfg = Debug|Any CPU
		{94F263E5-733A-403A-9AB2-0396EF75EBC6}.Debug|Any CPU.Build.0 = Debug|Any CPU
		{94F263E5-733A-403A-9AB2-0396EF75EBC6}.Release|Any CPU.ActiveCfg = Release|Any CPU
		{94F263E5-733A-403A-9AB2-0396EF75EBC6}.Release|Any CPU.Build.0 = Release|Any CPU
		{27CDB365-9FDA-4795-81C0-454AC6A3F65D}.Debug|Any CPU.ActiveCfg = Debug|Any CPU
		{27CDB365-9FDA-4795-81C0-454AC6A3F65D}.Debug|Any CPU.Build.0 = Debug|Any CPU
		{27CDB365-9FDA-4795-81C0-454AC6A3F65D}.Release|Any CPU.ActiveCfg = Release|Any CPU
		{27CDB365-9FDA-4795-81C0-454AC6A3F65D}.Release|Any CPU.Build.0 = Release|Any CPU
		{4B782C09-FE39-4493-BA96-A5CA80C3A2EC}.Debug|Any CPU.ActiveCfg = Debug|Any CPU
		{4B782C09-FE39-4493-BA96-A5CA80C3A2EC}.Debug|Any CPU.Build.0 = Debug|Any CPU
		{4B782C09-FE39-4493-BA96-A5CA80C3A2EC}.Release|Any CPU.ActiveCfg = Release|Any CPU
		{4B782C09-FE39-4493-BA96-A5CA80C3A2EC}.Release|Any CPU.Build.0 = Release|Any CPU
		{4931CE75-AE33-482D-BDB0-EBD6536D59C1}.Debug|Any CPU.ActiveCfg = Debug|Any CPU
		{4931CE75-AE33-482D-BDB0-EBD6536D59C1}.Debug|Any CPU.Build.0 = Debug|Any CPU
		{4931CE75-AE33-482D-BDB0-EBD6536D59C1}.Release|Any CPU.ActiveCfg = Release|Any CPU
		{4931CE75-AE33-482D-BDB0-EBD6536D59C1}.Release|Any CPU.Build.0 = Release|Any CPU
		{63C4E749-BB76-445F-81D5-F434D2F73A09}.Debug|Any CPU.ActiveCfg = Debug|Any CPU
		{63C4E749-BB76-445F-81D5-F434D2F73A09}.Debug|Any CPU.Build.0 = Debug|Any CPU
		{63C4E749-BB76-445F-81D5-F434D2F73A09}.Release|Any CPU.ActiveCfg = Release|Any CPU
		{63C4E749-BB76-445F-81D5-F434D2F73A09}.Release|Any CPU.Build.0 = Release|Any CPU
		{45BE154B-9CB3-4418-9836-764F35A118F7}.Debug|Any CPU.ActiveCfg = Debug|Any CPU
		{45BE154B-9CB3-4418-9836-764F35A118F7}.Debug|Any CPU.Build.0 = Debug|Any CPU
		{45BE154B-9CB3-4418-9836-764F35A118F7}.Release|Any CPU.ActiveCfg = Release|Any CPU
		{45BE154B-9CB3-4418-9836-764F35A118F7}.Release|Any CPU.Build.0 = Release|Any CPU
		{B0A6A7A7-195E-4FC8-A70A-56AB4C8E6D1C}.Debug|Any CPU.ActiveCfg = Debug|Any CPU
		{B0A6A7A7-195E-4FC8-A70A-56AB4C8E6D1C}.Debug|Any CPU.Build.0 = Debug|Any CPU
		{B0A6A7A7-195E-4FC8-A70A-56AB4C8E6D1C}.Release|Any CPU.ActiveCfg = Release|Any CPU
		{B0A6A7A7-195E-4FC8-A70A-56AB4C8E6D1C}.Release|Any CPU.Build.0 = Release|Any CPU
		{9A8D1A50-C58D-4C3D-9708-6E61AA85D963}.Debug|Any CPU.ActiveCfg = Debug|Any CPU
		{9A8D1A50-C58D-4C3D-9708-6E61AA85D963}.Debug|Any CPU.Build.0 = Debug|Any CPU
		{9A8D1A50-C58D-4C3D-9708-6E61AA85D963}.Release|Any CPU.ActiveCfg = Release|Any CPU
		{9A8D1A50-C58D-4C3D-9708-6E61AA85D963}.Release|Any CPU.Build.0 = Release|Any CPU
		{A3194DC5-94B1-446B-8678-FE21A7DBDCB8}.Debug|Any CPU.ActiveCfg = Debug|Any CPU
		{A3194DC5-94B1-446B-8678-FE21A7DBDCB8}.Debug|Any CPU.Build.0 = Debug|Any CPU
		{A3194DC5-94B1-446B-8678-FE21A7DBDCB8}.Release|Any CPU.ActiveCfg = Release|Any CPU
		{A3194DC5-94B1-446B-8678-FE21A7DBDCB8}.Release|Any CPU.Build.0 = Release|Any CPU
		{5E7F3EA1-25C6-45DF-AD56-FDE7397C2F73}.Debug|Any CPU.ActiveCfg = Debug|Any CPU
		{5E7F3EA1-25C6-45DF-AD56-FDE7397C2F73}.Debug|Any CPU.Build.0 = Debug|Any CPU
		{5E7F3EA1-25C6-45DF-AD56-FDE7397C2F73}.Release|Any CPU.ActiveCfg = Release|Any CPU
		{5E7F3EA1-25C6-45DF-AD56-FDE7397C2F73}.Release|Any CPU.Build.0 = Release|Any CPU
	EndGlobalSection
	GlobalSection(SolutionProperties) = preSolution
		HideSolutionNode = FALSE
	EndGlobalSection
	GlobalSection(ExtensibilityGlobals) = postSolution
		SolutionGuid = {D0114031-8A7C-463D-B212-F9C5A8F35EBC}
	EndGlobalSection
EndGlobal
